// !$*UTF8*$!
{
	archiveVersion = 1;
	classes = {
	};
	objectVersion = 56;
	objects = {

/* Begin PBXBuildFile section */
		80665F5A2A5AFB09002DFEBB /* Localizable.strings in Resources */ = {isa = PBXBuildFile; fileRef = 80665F5C2A5AFB09002DFEBB /* Localizable.strings */; };
		8095F3732A56AA8E002715B8 /* NYTTestTaskApp.swift in Sources */ = {isa = PBXBuildFile; fileRef = 8095F3722A56AA8E002715B8 /* NYTTestTaskApp.swift */; };
		8095F3752A56AA8E002715B8 /* CategoriesView.swift in Sources */ = {isa = PBXBuildFile; fileRef = 8095F3742A56AA8E002715B8 /* CategoriesView.swift */; };
		8095F3772A56AA8F002715B8 /* Assets.xcassets in Resources */ = {isa = PBXBuildFile; fileRef = 8095F3762A56AA8F002715B8 /* Assets.xcassets */; };
		8095F37A2A56AA8F002715B8 /* Preview Assets.xcassets in Resources */ = {isa = PBXBuildFile; fileRef = 8095F3792A56AA8F002715B8 /* Preview Assets.xcassets */; };
		8095F3842A56AC31002715B8 /* CategoryItemView.swift in Sources */ = {isa = PBXBuildFile; fileRef = 8095F3832A56AC31002715B8 /* CategoryItemView.swift */; };
		8095F3872A56B177002715B8 /* NYTAPIService.swift in Sources */ = {isa = PBXBuildFile; fileRef = 8095F3862A56B177002715B8 /* NYTAPIService.swift */; };
		8095F3892A56B272002715B8 /* Category.swift in Sources */ = {isa = PBXBuildFile; fileRef = 8095F3882A56B272002715B8 /* Category.swift */; };
		8095F38B2A56B29A002715B8 /* Book.swift in Sources */ = {isa = PBXBuildFile; fileRef = 8095F38A2A56B29A002715B8 /* Book.swift */; };
		8095F38E2A56B3F6002715B8 /* NYTError.swift in Sources */ = {isa = PBXBuildFile; fileRef = 8095F38D2A56B3F6002715B8 /* NYTError.swift */; };
		8095F3902A56BAFA002715B8 /* NYTResponse.swift in Sources */ = {isa = PBXBuildFile; fileRef = 8095F38F2A56BAFA002715B8 /* NYTResponse.swift */; };
		8095F3922A56BE6C002715B8 /* CategoriesViewModel.swift in Sources */ = {isa = PBXBuildFile; fileRef = 8095F3912A56BE6C002715B8 /* CategoriesViewModel.swift */; };
		8095F3942A56BFC4002715B8 /* BooksViewModel.swift in Sources */ = {isa = PBXBuildFile; fileRef = 8095F3932A56BFC4002715B8 /* BooksViewModel.swift */; };
		8095F3962A5710FC002715B8 /* BooksView.swift in Sources */ = {isa = PBXBuildFile; fileRef = 8095F3952A5710FC002715B8 /* BooksView.swift */; };
		8095F39C2A571E31002715B8 /* BookItemView.swift in Sources */ = {isa = PBXBuildFile; fileRef = 8095F39B2A571E31002715B8 /* BookItemView.swift */; };
		8095F39E2A5720C4002715B8 /* BooksDeailsView.swift in Sources */ = {isa = PBXBuildFile; fileRef = 8095F39D2A5720C4002715B8 /* BooksDeailsView.swift */; };
		8095F3A12A580448002715B8 /* Realm in Frameworks */ = {isa = PBXBuildFile; productRef = 8095F3A02A580448002715B8 /* Realm */; };
		8095F3A32A580448002715B8 /* RealmSwift in Frameworks */ = {isa = PBXBuildFile; productRef = 8095F3A22A580448002715B8 /* RealmSwift */; };
		8095F3A52A584DF7002715B8 /* ImageCache.swift in Sources */ = {isa = PBXBuildFile; fileRef = 8095F3A42A584DF7002715B8 /* ImageCache.swift */; };
		80D8664D2A5C4147002AF2F1 /* L10n.swift in Sources */ = {isa = PBXBuildFile; fileRef = 80D8664C2A5C4147002AF2F1 /* L10n.swift */; };
		80D866522A5C5058002AF2F1 /* BuyLinkItem.swift in Sources */ = {isa = PBXBuildFile; fileRef = 80D866512A5C5058002AF2F1 /* BuyLinkItem.swift */; };
		80D866542A5C5A2C002AF2F1 /* BuyLinkWebView.swift in Sources */ = {isa = PBXBuildFile; fileRef = 80D866532A5C5A2C002AF2F1 /* BuyLinkWebView.swift */; };
/* End PBXBuildFile section */

/* Begin PBXFileReference section */
		80665F5B2A5AFB09002DFEBB /* en */ = {isa = PBXFileReference; lastKnownFileType = text.plist.strings; name = en; path = en.lproj/Localizable.strings; sourceTree = "<group>"; };
		80665F5D2A5AFB0E002DFEBB /* uk */ = {isa = PBXFileReference; lastKnownFileType = text.plist.strings; name = uk; path = uk.lproj/Localizable.strings; sourceTree = "<group>"; };
		8095F36F2A56AA8E002715B8 /* NYTTestTask.app */ = {isa = PBXFileReference; explicitFileType = wrapper.application; includeInIndex = 0; path = NYTTestTask.app; sourceTree = BUILT_PRODUCTS_DIR; };
		8095F3722A56AA8E002715B8 /* NYTTestTaskApp.swift */ = {isa = PBXFileReference; lastKnownFileType = sourcecode.swift; path = NYTTestTaskApp.swift; sourceTree = "<group>"; };
		8095F3742A56AA8E002715B8 /* CategoriesView.swift */ = {isa = PBXFileReference; lastKnownFileType = sourcecode.swift; path = CategoriesView.swift; sourceTree = "<group>"; };
		8095F3762A56AA8F002715B8 /* Assets.xcassets */ = {isa = PBXFileReference; lastKnownFileType = folder.assetcatalog; path = Assets.xcassets; sourceTree = "<group>"; };
		8095F3792A56AA8F002715B8 /* Preview Assets.xcassets */ = {isa = PBXFileReference; lastKnownFileType = folder.assetcatalog; path = "Preview Assets.xcassets"; sourceTree = "<group>"; };
		8095F3832A56AC31002715B8 /* CategoryItemView.swift */ = {isa = PBXFileReference; lastKnownFileType = sourcecode.swift; path = CategoryItemView.swift; sourceTree = "<group>"; };
		8095F3862A56B177002715B8 /* NYTAPIService.swift */ = {isa = PBXFileReference; lastKnownFileType = sourcecode.swift; path = NYTAPIService.swift; sourceTree = "<group>"; };
		8095F3882A56B272002715B8 /* Category.swift */ = {isa = PBXFileReference; lastKnownFileType = sourcecode.swift; path = Category.swift; sourceTree = "<group>"; };
		8095F38A2A56B29A002715B8 /* Book.swift */ = {isa = PBXFileReference; lastKnownFileType = sourcecode.swift; path = Book.swift; sourceTree = "<group>"; };
		8095F38D2A56B3F6002715B8 /* NYTError.swift */ = {isa = PBXFileReference; lastKnownFileType = sourcecode.swift; path = NYTError.swift; sourceTree = "<group>"; };
		8095F38F2A56BAFA002715B8 /* NYTResponse.swift */ = {isa = PBXFileReference; lastKnownFileType = sourcecode.swift; path = NYTResponse.swift; sourceTree = "<group>"; };
		8095F3912A56BE6C002715B8 /* CategoriesViewModel.swift */ = {isa = PBXFileReference; lastKnownFileType = sourcecode.swift; path = CategoriesViewModel.swift; sourceTree = "<group>"; };
		8095F3932A56BFC4002715B8 /* BooksViewModel.swift */ = {isa = PBXFileReference; lastKnownFileType = sourcecode.swift; path = BooksViewModel.swift; sourceTree = "<group>"; };
		8095F3952A5710FC002715B8 /* BooksView.swift */ = {isa = PBXFileReference; lastKnownFileType = sourcecode.swift; path = BooksView.swift; sourceTree = "<group>"; };
		8095F39B2A571E31002715B8 /* BookItemView.swift */ = {isa = PBXFileReference; lastKnownFileType = sourcecode.swift; path = BookItemView.swift; sourceTree = "<group>"; };
		8095F39D2A5720C4002715B8 /* BooksDeailsView.swift */ = {isa = PBXFileReference; lastKnownFileType = sourcecode.swift; path = BooksDeailsView.swift; sourceTree = "<group>"; };
		8095F3A42A584DF7002715B8 /* ImageCache.swift */ = {isa = PBXFileReference; lastKnownFileType = sourcecode.swift; path = ImageCache.swift; sourceTree = "<group>"; };
		80D8664C2A5C4147002AF2F1 /* L10n.swift */ = {isa = PBXFileReference; lastKnownFileType = sourcecode.swift; path = L10n.swift; sourceTree = "<group>"; };
		80D866512A5C5058002AF2F1 /* BuyLinkItem.swift */ = {isa = PBXFileReference; lastKnownFileType = sourcecode.swift; path = BuyLinkItem.swift; sourceTree = "<group>"; };
		80D866532A5C5A2C002AF2F1 /* BuyLinkWebView.swift */ = {isa = PBXFileReference; lastKnownFileType = sourcecode.swift; path = BuyLinkWebView.swift; sourceTree = "<group>"; };
/* End PBXFileReference section */

/* Begin PBXFrameworksBuildPhase section */
		8095F36C2A56AA8E002715B8 /* Frameworks */ = {
			isa = PBXFrameworksBuildPhase;
			buildActionMask = 2147483647;
			files = (
				8095F3A32A580448002715B8 /* RealmSwift in Frameworks */,
				8095F3A12A580448002715B8 /* Realm in Frameworks */,
			);
			runOnlyForDeploymentPostprocessing = 0;
		};
/* End PBXFrameworksBuildPhase section */

/* Begin PBXGroup section */
		80665F512A5AF946002DFEBB /* Localization */ = {
			isa = PBXGroup;
			children = (
				80665F5C2A5AFB09002DFEBB /* Localizable.strings */,
				80D8664C2A5C4147002AF2F1 /* L10n.swift */,
			);
			path = Localization;
			sourceTree = "<group>";
		};
		8095F3662A56AA8E002715B8 = {
			isa = PBXGroup;
			children = (
				8095F3712A56AA8E002715B8 /* NYTTestTask */,
				8095F3702A56AA8E002715B8 /* Products */,
			);
			sourceTree = "<group>";
		};
		8095F3702A56AA8E002715B8 /* Products */ = {
			isa = PBXGroup;
			children = (
				8095F36F2A56AA8E002715B8 /* NYTTestTask.app */,
			);
			name = Products;
			sourceTree = "<group>";
		};
		8095F3712A56AA8E002715B8 /* NYTTestTask */ = {
			isa = PBXGroup;
			children = (
				80665F512A5AF946002DFEBB /* Localization */,
				8095F38C2A56B3E5002715B8 /* Utilities */,
				8095F3852A56B161002715B8 /* Services */,
				8095F3822A56AB8D002715B8 /* ViewModels */,
				8095F3812A56AB8A002715B8 /* Views */,
				8095F3802A56AB84002715B8 /* Models */,
				8095F3722A56AA8E002715B8 /* NYTTestTaskApp.swift */,
				8095F3762A56AA8F002715B8 /* Assets.xcassets */,
				8095F3782A56AA8F002715B8 /* Preview Content */,
			);
			path = NYTTestTask;
			sourceTree = "<group>";
		};
		8095F3782A56AA8F002715B8 /* Preview Content */ = {
			isa = PBXGroup;
			children = (
				8095F3792A56AA8F002715B8 /* Preview Assets.xcassets */,
			);
			path = "Preview Content";
			sourceTree = "<group>";
		};
		8095F3802A56AB84002715B8 /* Models */ = {
			isa = PBXGroup;
			children = (
				8095F3882A56B272002715B8 /* Category.swift */,
				8095F38A2A56B29A002715B8 /* Book.swift */,
				8095F38F2A56BAFA002715B8 /* NYTResponse.swift */,
			);
			path = Models;
			sourceTree = "<group>";
		};
		8095F3812A56AB8A002715B8 /* Views */ = {
			isa = PBXGroup;
			children = (
				8095F3982A571E08002715B8 /* Categories */,
				8095F3972A571E04002715B8 /* Books */,
			);
			path = Views;
			sourceTree = "<group>";
		};
		8095F3822A56AB8D002715B8 /* ViewModels */ = {
			isa = PBXGroup;
			children = (
				8095F3912A56BE6C002715B8 /* CategoriesViewModel.swift */,
				8095F3932A56BFC4002715B8 /* BooksViewModel.swift */,
			);
			path = ViewModels;
			sourceTree = "<group>";
		};
		8095F3852A56B161002715B8 /* Services */ = {
			isa = PBXGroup;
			children = (
				8095F3862A56B177002715B8 /* NYTAPIService.swift */,
				8095F3A42A584DF7002715B8 /* ImageCache.swift */,
			);
			path = Services;
			sourceTree = "<group>";
		};
		8095F38C2A56B3E5002715B8 /* Utilities */ = {
			isa = PBXGroup;
			children = (
				8095F38D2A56B3F6002715B8 /* NYTError.swift */,
			);
			path = Utilities;
			sourceTree = "<group>";
		};
		8095F3972A571E04002715B8 /* Books */ = {
			isa = PBXGroup;
			children = (
				8095F3952A5710FC002715B8 /* BooksView.swift */,
				8095F39B2A571E31002715B8 /* BookItemView.swift */,
				8095F39D2A5720C4002715B8 /* BooksDeailsView.swift */,
				80D866512A5C5058002AF2F1 /* BuyLinkItem.swift */,
				80D866532A5C5A2C002AF2F1 /* BuyLinkWebView.swift */,
			);
			path = Books;
			sourceTree = "<group>";
		};
		8095F3982A571E08002715B8 /* Categories */ = {
			isa = PBXGroup;
			children = (
				8095F3742A56AA8E002715B8 /* CategoriesView.swift */,
				8095F3832A56AC31002715B8 /* CategoryItemView.swift */,
			);
			path = Categories;
			sourceTree = "<group>";
		};
/* End PBXGroup section */

/* Begin PBXNativeTarget section */
		8095F36E2A56AA8E002715B8 /* NYTTestTask */ = {
			isa = PBXNativeTarget;
			buildConfigurationList = 8095F37D2A56AA8F002715B8 /* Build configuration list for PBXNativeTarget "NYTTestTask" */;
			buildPhases = (
				8095F36B2A56AA8E002715B8 /* Sources */,
				8095F36C2A56AA8E002715B8 /* Frameworks */,
				8095F36D2A56AA8E002715B8 /* Resources */,
			);
			buildRules = (
			);
			dependencies = (
			);
			name = NYTTestTask;
			packageProductDependencies = (
				8095F3A02A580448002715B8 /* Realm */,
				8095F3A22A580448002715B8 /* RealmSwift */,
			);
			productName = NYTTestTask;
			productReference = 8095F36F2A56AA8E002715B8 /* NYTTestTask.app */;
			productType = "com.apple.product-type.application";
		};
/* End PBXNativeTarget section */

/* Begin PBXProject section */
		8095F3672A56AA8E002715B8 /* Project object */ = {
			isa = PBXProject;
			attributes = {
				BuildIndependentTargetsInParallel = 1;
				LastSwiftUpdateCheck = 1430;
				LastUpgradeCheck = 1430;
				TargetAttributes = {
					8095F36E2A56AA8E002715B8 = {
						CreatedOnToolsVersion = 14.3;
					};
				};
			};
			buildConfigurationList = 8095F36A2A56AA8E002715B8 /* Build configuration list for PBXProject "NYTTestTask" */;
			compatibilityVersion = "Xcode 14.0";
			developmentRegion = en;
			hasScannedForEncodings = 0;
			knownRegions = (
				en,
				Base,
				uk,
			);
			mainGroup = 8095F3662A56AA8E002715B8;
			packageReferences = (
				8095F39F2A580448002715B8 /* XCRemoteSwiftPackageReference "realm-swift" */,
			);
			productRefGroup = 8095F3702A56AA8E002715B8 /* Products */;
			projectDirPath = "";
			projectRoot = "";
			targets = (
				8095F36E2A56AA8E002715B8 /* NYTTestTask */,
			);
		};
/* End PBXProject section */

/* Begin PBXResourcesBuildPhase section */
		8095F36D2A56AA8E002715B8 /* Resources */ = {
			isa = PBXResourcesBuildPhase;
			buildActionMask = 2147483647;
			files = (
				8095F37A2A56AA8F002715B8 /* Preview Assets.xcassets in Resources */,
				80665F5A2A5AFB09002DFEBB /* Localizable.strings in Resources */,
				8095F3772A56AA8F002715B8 /* Assets.xcassets in Resources */,
			);
			runOnlyForDeploymentPostprocessing = 0;
		};
/* End PBXResourcesBuildPhase section */

/* Begin PBXSourcesBuildPhase section */
		8095F36B2A56AA8E002715B8 /* Sources */ = {
			isa = PBXSourcesBuildPhase;
			buildActionMask = 2147483647;
			files = (
				8095F3872A56B177002715B8 /* NYTAPIService.swift in Sources */,
				8095F3892A56B272002715B8 /* Category.swift in Sources */,
				8095F39C2A571E31002715B8 /* BookItemView.swift in Sources */,
				8095F38B2A56B29A002715B8 /* Book.swift in Sources */,
				8095F39E2A5720C4002715B8 /* BooksDeailsView.swift in Sources */,
				8095F3962A5710FC002715B8 /* BooksView.swift in Sources */,
				8095F3942A56BFC4002715B8 /* BooksViewModel.swift in Sources */,
				8095F3842A56AC31002715B8 /* CategoryItemView.swift in Sources */,
				8095F3752A56AA8E002715B8 /* CategoriesView.swift in Sources */,
				80D866522A5C5058002AF2F1 /* BuyLinkItem.swift in Sources */,
				8095F38E2A56B3F6002715B8 /* NYTError.swift in Sources */,
				80D866542A5C5A2C002AF2F1 /* BuyLinkWebView.swift in Sources */,
				8095F3902A56BAFA002715B8 /* NYTResponse.swift in Sources */,
				8095F3922A56BE6C002715B8 /* CategoriesViewModel.swift in Sources */,
				8095F3A52A584DF7002715B8 /* ImageCache.swift in Sources */,
				8095F3732A56AA8E002715B8 /* NYTTestTaskApp.swift in Sources */,
				80D8664D2A5C4147002AF2F1 /* L10n.swift in Sources */,
			);
			runOnlyForDeploymentPostprocessing = 0;
		};
/* End PBXSourcesBuildPhase section */

/* Begin PBXVariantGroup section */
		80665F5C2A5AFB09002DFEBB /* Localizable.strings */ = {
			isa = PBXVariantGroup;
			children = (
				80665F5B2A5AFB09002DFEBB /* en */,
				80665F5D2A5AFB0E002DFEBB /* uk */,
			);
			name = Localizable.strings;
			sourceTree = "<group>";
		};
/* End PBXVariantGroup section */

/* Begin XCBuildConfiguration section */
		8095F37B2A56AA8F002715B8 /* Debug */ = {
			isa = XCBuildConfiguration;
			buildSettings = {
				ALWAYS_SEARCH_USER_PATHS = NO;
				CLANG_ANALYZER_NONNULL = YES;
				CLANG_ANALYZER_NUMBER_OBJECT_CONVERSION = YES_AGGRESSIVE;
				CLANG_CXX_LANGUAGE_STANDARD = "gnu++20";
				CLANG_ENABLE_MODULES = YES;
				CLANG_ENABLE_OBJC_ARC = YES;
				CLANG_ENABLE_OBJC_WEAK = YES;
				CLANG_WARN_BLOCK_CAPTURE_AUTORELEASING = YES;
				CLANG_WARN_BOOL_CONVERSION = YES;
				CLANG_WARN_COMMA = YES;
				CLANG_WARN_CONSTANT_CONVERSION = YES;
				CLANG_WARN_DEPRECATED_OBJC_IMPLEMENTATIONS = YES;
				CLANG_WARN_DIRECT_OBJC_ISA_USAGE = YES_ERROR;
				CLANG_WARN_DOCUMENTATION_COMMENTS = YES;
				CLANG_WARN_EMPTY_BODY = YES;
				CLANG_WARN_ENUM_CONVERSION = YES;
				CLANG_WARN_INFINITE_RECURSION = YES;
				CLANG_WARN_INT_CONVERSION = YES;
				CLANG_WARN_NON_LITERAL_NULL_CONVERSION = YES;
				CLANG_WARN_OBJC_IMPLICIT_RETAIN_SELF = YES;
				CLANG_WARN_OBJC_LITERAL_CONVERSION = YES;
				CLANG_WARN_OBJC_ROOT_CLASS = YES_ERROR;
				CLANG_WARN_QUOTED_INCLUDE_IN_FRAMEWORK_HEADER = YES;
				CLANG_WARN_RANGE_LOOP_ANALYSIS = YES;
				CLANG_WARN_STRICT_PROTOTYPES = YES;
				CLANG_WARN_SUSPICIOUS_MOVE = YES;
				CLANG_WARN_UNGUARDED_AVAILABILITY = YES_AGGRESSIVE;
				CLANG_WARN_UNREACHABLE_CODE = YES;
				CLANG_WARN__DUPLICATE_METHOD_MATCH = YES;
				COPY_PHASE_STRIP = NO;
				DEBUG_INFORMATION_FORMAT = dwarf;
				ENABLE_STRICT_OBJC_MSGSEND = YES;
				ENABLE_TESTABILITY = YES;
				GCC_C_LANGUAGE_STANDARD = gnu11;
				GCC_DYNAMIC_NO_PIC = NO;
				GCC_NO_COMMON_BLOCKS = YES;
				GCC_OPTIMIZATION_LEVEL = 0;
				GCC_PREPROCESSOR_DEFINITIONS = (
					"DEBUG=1",
					"$(inherited)",
				);
				GCC_WARN_64_TO_32_BIT_CONVERSION = YES;
				GCC_WARN_ABOUT_RETURN_TYPE = YES_ERROR;
				GCC_WARN_UNDECLARED_SELECTOR = YES;
				GCC_WARN_UNINITIALIZED_AUTOS = YES_AGGRESSIVE;
				GCC_WARN_UNUSED_FUNCTION = YES;
				GCC_WARN_UNUSED_VARIABLE = YES;
				IPHONEOS_DEPLOYMENT_TARGET = 15.0;
				MTL_ENABLE_DEBUG_INFO = INCLUDE_SOURCE;
				MTL_FAST_MATH = YES;
				ONLY_ACTIVE_ARCH = YES;
				SDKROOT = iphoneos;
				SWIFT_ACTIVE_COMPILATION_CONDITIONS = DEBUG;
				SWIFT_OPTIMIZATION_LEVEL = "-Onone";
			};
			name = Debug;
		};
		8095F37C2A56AA8F002715B8 /* Release */ = {
			isa = XCBuildConfiguration;
			buildSettings = {
				ALWAYS_SEARCH_USER_PATHS = NO;
				CLANG_ANALYZER_NONNULL = YES;
				CLANG_ANALYZER_NUMBER_OBJECT_CONVERSION = YES_AGGRESSIVE;
				CLANG_CXX_LANGUAGE_STANDARD = "gnu++20";
				CLANG_ENABLE_MODULES = YES;
				CLANG_ENABLE_OBJC_ARC = YES;
				CLANG_ENABLE_OBJC_WEAK = YES;
				CLANG_WARN_BLOCK_CAPTURE_AUTORELEASING = YES;
				CLANG_WARN_BOOL_CONVERSION = YES;
				CLANG_WARN_COMMA = YES;
				CLANG_WARN_CONSTANT_CONVERSION = YES;
				CLANG_WARN_DEPRECATED_OBJC_IMPLEMENTATIONS = YES;
				CLANG_WARN_DIRECT_OBJC_ISA_USAGE = YES_ERROR;
				CLANG_WARN_DOCUMENTATION_COMMENTS = YES;
				CLANG_WARN_EMPTY_BODY = YES;
				CLANG_WARN_ENUM_CONVERSION = YES;
				CLANG_WARN_INFINITE_RECURSION = YES;
				CLANG_WARN_INT_CONVERSION = YES;
				CLANG_WARN_NON_LITERAL_NULL_CONVERSION = YES;
				CLANG_WARN_OBJC_IMPLICIT_RETAIN_SELF = YES;
				CLANG_WARN_OBJC_LITERAL_CONVERSION = YES;
				CLANG_WARN_OBJC_ROOT_CLASS = YES_ERROR;
				CLANG_WARN_QUOTED_INCLUDE_IN_FRAMEWORK_HEADER = YES;
				CLANG_WARN_RANGE_LOOP_ANALYSIS = YES;
				CLANG_WARN_STRICT_PROTOTYPES = YES;
				CLANG_WARN_SUSPICIOUS_MOVE = YES;
				CLANG_WARN_UNGUARDED_AVAILABILITY = YES_AGGRESSIVE;
				CLANG_WARN_UNREACHABLE_CODE = YES;
				CLANG_WARN__DUPLICATE_METHOD_MATCH = YES;
				COPY_PHASE_STRIP = NO;
				DEBUG_INFORMATION_FORMAT = "dwarf-with-dsym";
				ENABLE_NS_ASSERTIONS = NO;
				ENABLE_STRICT_OBJC_MSGSEND = YES;
				GCC_C_LANGUAGE_STANDARD = gnu11;
				GCC_NO_COMMON_BLOCKS = YES;
				GCC_WARN_64_TO_32_BIT_CONVERSION = YES;
				GCC_WARN_ABOUT_RETURN_TYPE = YES_ERROR;
				GCC_WARN_UNDECLARED_SELECTOR = YES;
				GCC_WARN_UNINITIALIZED_AUTOS = YES_AGGRESSIVE;
				GCC_WARN_UNUSED_FUNCTION = YES;
				GCC_WARN_UNUSED_VARIABLE = YES;
				IPHONEOS_DEPLOYMENT_TARGET = 15.0;
				MTL_ENABLE_DEBUG_INFO = NO;
				MTL_FAST_MATH = YES;
				SDKROOT = iphoneos;
				SWIFT_COMPILATION_MODE = wholemodule;
				SWIFT_OPTIMIZATION_LEVEL = "-O";
				VALIDATE_PRODUCT = YES;
			};
			name = Release;
		};
		8095F37E2A56AA8F002715B8 /* Debug */ = {
			isa = XCBuildConfiguration;
			buildSettings = {
				ASSETCATALOG_COMPILER_APPICON_NAME = AppIcon;
				ASSETCATALOG_COMPILER_GLOBAL_ACCENT_COLOR_NAME = AccentColor;
				CODE_SIGN_STYLE = Automatic;
				CURRENT_PROJECT_VERSION = 1;
				DEVELOPMENT_ASSET_PATHS = "\"NYTTestTask/Preview Content\"";
				DEVELOPMENT_TEAM = ZQ532X6DQG;
				ENABLE_PREVIEWS = YES;
				GENERATE_INFOPLIST_FILE = YES;
				INFOPLIST_KEY_UIApplicationSceneManifest_Generation = YES;
				INFOPLIST_KEY_UIApplicationSupportsIndirectInputEvents = YES;
				INFOPLIST_KEY_UILaunchScreen_Generation = YES;
				INFOPLIST_KEY_UISupportedInterfaceOrientations = UIInterfaceOrientationPortrait;
				INFOPLIST_KEY_UISupportedInterfaceOrientations_iPad = "UIInterfaceOrientationLandscapeLeft UIInterfaceOrientationLandscapeRight UIInterfaceOrientationPortrait UIInterfaceOrientationPortraitUpsideDown";
				IPHONEOS_DEPLOYMENT_TARGET = 15.0;
				LD_RUNPATH_SEARCH_PATHS = (
					"$(inherited)",
					"@executable_path/Frameworks",
				);
				MARKETING_VERSION = 1.0;
				PRODUCT_BUNDLE_IDENTIFIER = com.nyttest.task.NYTTestTask;
				PRODUCT_NAME = "$(TARGET_NAME)";
				SUPPORTED_PLATFORMS = "iphoneos iphonesimulator";
				SUPPORTS_MACCATALYST = NO;
				SUPPORTS_MAC_DESIGNED_FOR_IPHONE_IPAD = NO;
				SWIFT_EMIT_LOC_STRINGS = YES;
				SWIFT_VERSION = 5.0;
				TARGETED_DEVICE_FAMILY = 1;
			};
			name = Debug;
		};
		8095F37F2A56AA8F002715B8 /* Release */ = {
			isa = XCBuildConfiguration;
			buildSettings = {
				ASSETCATALOG_COMPILER_APPICON_NAME = AppIcon;
				ASSETCATALOG_COMPILER_GLOBAL_ACCENT_COLOR_NAME = AccentColor;
				CODE_SIGN_STYLE = Automatic;
				CURRENT_PROJECT_VERSION = 1;
				DEVELOPMENT_ASSET_PATHS = "\"NYTTestTask/Preview Content\"";
				DEVELOPMENT_TEAM = ZQ532X6DQG;
				ENABLE_PREVIEWS = YES;
				GENERATE_INFOPLIST_FILE = YES;
				INFOPLIST_KEY_UIApplicationSceneManifest_Generation = YES;
				INFOPLIST_KEY_UIApplicationSupportsIndirectInputEvents = YES;
				INFOPLIST_KEY_UILaunchScreen_Generation = YES;
				INFOPLIST_KEY_UISupportedInterfaceOrientations = UIInterfaceOrientationPortrait;
				INFOPLIST_KEY_UISupportedInterfaceOrientations_iPad = "UIInterfaceOrientationLandscapeLeft UIInterfaceOrientationLandscapeRight UIInterfaceOrientationPortrait UIInterfaceOrientationPortraitUpsideDown";
				IPHONEOS_DEPLOYMENT_TARGET = 15.0;
				LD_RUNPATH_SEARCH_PATHS = (
					"$(inherited)",
					"@executable_path/Frameworks",
				);
				MARKETING_VERSION = 1.0;
				PRODUCT_BUNDLE_IDENTIFIER = com.nyttest.task.NYTTestTask;
				PRODUCT_NAME = "$(TARGET_NAME)";
				SUPPORTED_PLATFORMS = "iphoneos iphonesimulator";
				SUPPORTS_MACCATALYST = NO;
				SUPPORTS_MAC_DESIGNED_FOR_IPHONE_IPAD = NO;
				SWIFT_EMIT_LOC_STRINGS = YES;
				SWIFT_VERSION = 5.0;
				TARGETED_DEVICE_FAMILY = 1;
			};
			name = Release;
		};
/* End XCBuildConfiguration section */

/* Begin XCConfigurationList section */
		8095F36A2A56AA8E002715B8 /* Build configuration list for PBXProject "NYTTestTask" */ = {
			isa = XCConfigurationList;
			buildConfigurations = (
				8095F37B2A56AA8F002715B8 /* Debug */,
				8095F37C2A56AA8F002715B8 /* Release */,
			);
			defaultConfigurationIsVisible = 0;
			defaultConfigurationName = Release;
		};
		8095F37D2A56AA8F002715B8 /* Build configuration list for PBXNativeTarget "NYTTestTask" */ = {
			isa = XCConfigurationList;
			buildConfigurations = (
				8095F37E2A56AA8F002715B8 /* Debug */,
				8095F37F2A56AA8F002715B8 /* Release */,
			);
			defaultConfigurationIsVisible = 0;
			defaultConfigurationName = Release;
		};
/* End XCConfigurationList section */

/* Begin XCRemoteSwiftPackageReference section */
		8095F39F2A580448002715B8 /* XCRemoteSwiftPackageReference "realm-swift" */ = {
			isa = XCRemoteSwiftPackageReference;
			repositoryURL = "https://github.com/realm/realm-swift.git";
			requirement = {
				kind = upToNextMajorVersion;
				minimumVersion = 10.41.0;
			};
		};
/* End XCRemoteSwiftPackageReference section */

/* Begin XCSwiftPackageProductDependency section */
		8095F3A02A580448002715B8 /* Realm */ = {
			isa = XCSwiftPackageProductDependency;
			package = 8095F39F2A580448002715B8 /* XCRemoteSwiftPackageReference "realm-swift" */;
			productName = Realm;
		};
		8095F3A22A580448002715B8 /* RealmSwift */ = {
			isa = XCSwiftPackageProductDependency;
			package = 8095F39F2A580448002715B8 /* XCRemoteSwiftPackageReference "realm-swift" */;
			productName = RealmSwift;
		};
/* End XCSwiftPackageProductDependency section */
	};
	rootObject = 8095F3672A56AA8E002715B8 /* Project object */;
}
